
Microsoft Visual Studio Solution File, Format Version 12.00
# Visual Studio Version 16
VisualStudioVersion = 16.0.33027.164
MinimumVisualStudioVersion = 10.0.40219.1
Project("{FAE04EC0-301F-11D3-BF4B-00C04F79EFBC}") = "DATABASEPROJECT", "DATABASEPROJECT\DATABASEPROJECT.csproj", "{924F6573-F38A-445B-B8B9-A111D99FE7EA}"
EndProject
Global
	GlobalSection(SolutionConfigurationPlatforms) = preSolution
		Debug|Any CPU = Debug|Any CPU
		Release|Any CPU = Release|Any CPU
	EndGlobalSection
	GlobalSection(ProjectConfigurationPlatforms) = postSolution
		{924F6573-F38A-445B-B8B9-A111D99FE7EA}.Debug|Any CPU.ActiveCfg = Debug|Any CPU
		{924F6573-F38A-445B-B8B9-A111D99FE7EA}.Debug|Any CPU.Build.0 = Debug|Any CPU
		{924F6573-F38A-445B-B8B9-A111D99FE7EA}.Release|Any CPU.ActiveCfg = Release|Any CPU
		{924F6573-F38A-445B-B8B9-A111D99FE7EA}.Release|Any CPU.Build.0 = Release|Any CPU
	EndGlobalSection
	GlobalSection(SolutionProperties) = preSolution
		HideSolutionNode = FALSE
	EndGlobalSection
	GlobalSection(ExtensibilityGlobals) = postSolution
		SolutionGuid = {C8C91E97-1FC3-4A77-8BC4-CE9D695DB1F2}
	EndGlobalSection
EndGlobal
